
Microsoft Visual Studio Solution File, Format Version 12.00
# Visual Studio Version 17
VisualStudioVersion = 17.14.36518.9 d17.14
MinimumVisualStudioVersion = 10.0.40219.1
Project("{FAE04EC0-301F-11D3-BF4B-00C04F79EFBC}") = "WinAppProyecto2", "WinAppProyecto2\WinAppProyecto2.csproj", "{3C141D60-757C-4718-8363-E20BA9BB1B60}"
EndProject
Global
	GlobalSection(SolutionConfigurationPlatforms) = preSolution
		Debug|Any CPU = Debug|Any CPU
		Release|Any CPU = Release|Any CPU
	EndGlobalSection
	GlobalSection(ProjectConfigurationPlatforms) = postSolution
		{3C141D60-757C-4718-8363-E20BA9BB1B60}.Debug|Any CPU.ActiveCfg = Debug|Any CPU
		{3C141D60-757C-4718-8363-E20BA9BB1B60}.Debug|Any CPU.Build.0 = Debug|Any CPU
		{3C141D60-757C-4718-8363-E20BA9BB1B60}.Release|Any CPU.ActiveCfg = Release|Any CPU
		{3C141D60-757C-4718-8363-E20BA9BB1B60}.Release|Any CPU.Build.0 = Release|Any CPU
	EndGlobalSection
	GlobalSection(SolutionProperties) = preSolution
		HideSolutionNode = FALSE
	EndGlobalSection
	GlobalSection(ExtensibilityGlobals) = postSolution
		SolutionGuid = {5D572596-9B67-4C0F-8D8E-63F11044F330}
	EndGlobalSection
EndGlobal
